// !$*UTF8*$!
{
	archiveVersion = 1;
	classes = {
	};
	objectVersion = 77;
	objects = {

/* Begin PBXBuildFile section */
		0FB8874784549D4264F72AD4 /* AtollRPCSampleApp.swift in Sources */ = {isa = PBXBuildFile; fileRef = CEF39B730F3677BACBA132DC /* AtollRPCSampleApp.swift */; };
		1C962349AD42D044C8CC18FF /* AtollRPC in Frameworks */ = {isa = PBXBuildFile; productRef = C68078DD1273DE2C6345F05C /* AtollRPC */; };
		7470C65CF4B3B7716E41AD4C /* ContentView.swift in Sources */ = {isa = PBXBuildFile; fileRef = E19798A1C2E21C07CB91C39F /* ContentView.swift */; };
/* End PBXBuildFile section */

/* Begin PBXFileReference section */
		149E01A5614CA9ECB27928F1 /* AtollRPC */ = {isa = PBXFileReference; lastKnownFileType = folder; name = AtollRPC; path = ../..; sourceTree = SOURCE_ROOT; };
		CEF39B730F3677BACBA132DC /* AtollRPCSampleApp.swift */ = {isa = PBXFileReference; lastKnownFileType = sourcecode.swift; path = AtollRPCSampleApp.swift; sourceTree = "<group>"; };
		E19798A1C2E21C07CB91C39F /* ContentView.swift */ = {isa = PBXFileReference; lastKnownFileType = sourcecode.swift; path = ContentView.swift; sourceTree = "<group>"; };
		F0519C80D66E7CBA0E84D160 /* AtollRPCSampleApp.app */ = {isa = PBXFileReference; explicitFileType = wrapper.application; includeInIndex = 0; path = AtollRPCSampleApp.app; sourceTree = BUILT_PRODUCTS_DIR; };
/* End PBXFileReference section */

/* Begin PBXFrameworksBuildPhase section */
		2941F6E1D5F4116B7BBF9533 /* Frameworks */ = {
			isa = PBXFrameworksBuildPhase;
			buildActionMask = 2147483647;
			files = (
				1C962349AD42D044C8CC18FF /* AtollRPC in Frameworks */,
			);
			runOnlyForDeploymentPostprocessing = 0;
		};
/* End PBXFrameworksBuildPhase section */

/* Begin PBXGroup section */
		0BBB14720561BEAE03E781C7 = {
			isa = PBXGroup;
			children = (
				44CD31E6DE25008763CC4679 /* App */,
				5A22E67DA4B41FDA7D80789B /* Packages */,
				B3C67DABDF965D4FEDAB693C /* Products */,
			);
			sourceTree = "<group>";
		};
		44CD31E6DE25008763CC4679 /* App */ = {
			isa = PBXGroup;
			children = (
				CEF39B730F3677BACBA132DC /* AtollRPCSampleApp.swift */,
				E19798A1C2E21C07CB91C39F /* ContentView.swift */,
			);
			name = App;
			path = Sources/App;
			sourceTree = "<group>";
		};
		5A22E67DA4B41FDA7D80789B /* Packages */ = {
			isa = PBXGroup;
			children = (
				149E01A5614CA9ECB27928F1 /* AtollRPC */,
			);
			name = Packages;
			sourceTree = "<group>";
		};
		B3C67DABDF965D4FEDAB693C /* Products */ = {
			isa = PBXGroup;
			children = (
				F0519C80D66E7CBA0E84D160 /* AtollRPCSampleApp.app */,
			);
			name = Products;
			sourceTree = "<group>";
		};
/* End PBXGroup section */

/* Begin PBXNativeTarget section */
		563E81CF70CE3EF81CCFC514 /* AtollRPCSampleApp */ = {
			isa = PBXNativeTarget;
			buildConfigurationList = 4C5AB12A920B9D8A7A944186 /* Build configuration list for PBXNativeTarget "AtollRPCSampleApp" */;
			buildPhases = (
				22AB40833E5BA2F8AE865EC7 /* Sources */,
				2941F6E1D5F4116B7BBF9533 /* Frameworks */,
			);
			buildRules = (
			);
			dependencies = (
			);
			name = AtollRPCSampleApp;
			packageProductDependencies = (
				C68078DD1273DE2C6345F05C /* AtollRPC */,
			);
			productName = AtollRPCSampleApp;
			productReference = F0519C80D66E7CBA0E84D160 /* AtollRPCSampleApp.app */;
			productType = "com.apple.product-type.application";
		};
/* End PBXNativeTarget section */

/* Begin PBXProject section */
		193B5D1B432C459E5B7E4E39 /* Project object */ = {
			isa = PBXProject;
			attributes = {
				BuildIndependentTargetsInParallel = YES;
				LastUpgradeCheck = 1430;
				TargetAttributes = {
					563E81CF70CE3EF81CCFC514 = {
						ProvisioningStyle = Automatic;
					};
				};
			};
			buildConfigurationList = 1EEE0B6AFA6526C9F200C316 /* Build configuration list for PBXProject "AtollRPCSampleApp" */;
			compatibilityVersion = "Xcode 14.0";
			developmentRegion = en;
			hasScannedForEncodings = 0;
			knownRegions = (
				Base,
				en,
			);
			mainGroup = 0BBB14720561BEAE03E781C7;
			minimizedProjectReferenceProxies = 1;
			packageReferences = (
				7E1830B19FF00BC16D3EE26F /* XCLocalSwiftPackageReference "../.." */,
			);
			preferredProjectObjectVersion = 77;
			projectDirPath = "";
			projectRoot = "";
			targets = (
				563E81CF70CE3EF81CCFC514 /* AtollRPCSampleApp */,
			);
		};
/* End PBXProject section */

/* Begin PBXSourcesBuildPhase section */
		22AB40833E5BA2F8AE865EC7 /* Sources */ = {
			isa = PBXSourcesBuildPhase;
			buildActionMask = 2147483647;
			files = (
				0FB8874784549D4264F72AD4 /* AtollRPCSampleApp.swift in Sources */,
				7470C65CF4B3B7716E41AD4C /* ContentView.swift in Sources */,
			);
			runOnlyForDeploymentPostprocessing = 0;
		};
/* End PBXSourcesBuildPhase section */

/* Begin XCBuildConfiguration section */
		267C2FABA8F41A9ECEC3ED88 /* Release */ = {
			isa = XCBuildConfiguration;
			buildSettings = {
				ASSETCATALOG_COMPILER_APPICON_NAME = AppIcon;
				CODE_SIGN_STYLE = Automatic;
				COMBINE_HIDPI_IMAGES = YES;
				INFOPLIST_FILE = Supporting/Info.plist;
				LD_RUNPATH_SEARCH_PATHS = (
					"$(inherited)",
					"@executable_path/../Frameworks",
				);
				PRODUCT_BUNDLE_IDENTIFIER = com.example.AtollRPCSampleApp;
				SDKROOT = macosx;
			};
			name = Release;
		};
		451096E8C182E0C32CBBFD0C /* Release */ = {
			isa = XCBuildConfiguration;
			buildSettings = {
				ALWAYS_SEARCH_USER_PATHS = NO;
				CLANG_ANALYZER_NONNULL = YES;
				CLANG_ANALYZER_NUMBER_OBJECT_CONVERSION = YES_AGGRESSIVE;
				CLANG_CXX_LANGUAGE_STANDARD = "gnu++14";
				CLANG_CXX_LIBRARY = "libc++";
				CLANG_ENABLE_MODULES = YES;
				CLANG_ENABLE_OBJC_ARC = YES;
				CLANG_ENABLE_OBJC_WEAK = YES;
				CLANG_WARN_BLOCK_CAPTURE_AUTORELEASING = YES;
				CLANG_WARN_BOOL_CONVERSION = YES;
				CLANG_WARN_COMMA = YES;
				CLANG_WARN_CONSTANT_CONVERSION = YES;
				CLANG_WARN_DEPRECATED_OBJC_IMPLEMENTATIONS = YES;
				CLANG_WARN_DIRECT_OBJC_ISA_USAGE = YES_ERROR;
				CLANG_WARN_DOCUMENTATION_COMMENTS = YES;
				CLANG_WARN_EMPTY_BODY = YES;
				CLANG_WARN_ENUM_CONVERSION = YES;
				CLANG_WARN_INFINITE_RECURSION = YES;
				CLANG_WARN_INT_CONVERSION = YES;
				CLANG_WARN_NON_LITERAL_NULL_CONVERSION = YES;
				CLANG_WARN_OBJC_IMPLICIT_RETAIN_SELF = YES;
				CLANG_WARN_OBJC_LITERAL_CONVERSION = YES;
				CLANG_WARN_OBJC_ROOT_CLASS = YES_ERROR;
				CLANG_WARN_QUOTED_INCLUDE_IN_FRAMEWORK_HEADER = YES;
				CLANG_WARN_RANGE_LOOP_ANALYSIS = YES;
				CLANG_WARN_STRICT_PROTOTYPES = YES;
				CLANG_WARN_SUSPICIOUS_MOVE = YES;
				CLANG_WARN_UNGUARDED_AVAILABILITY = YES_AGGRESSIVE;
				CLANG_WARN_UNREACHABLE_CODE = YES;
				CLANG_WARN__DUPLICATE_METHOD_MATCH = YES;
				COPY_PHASE_STRIP = NO;
				DEBUG_INFORMATION_FORMAT = "dwarf-with-dsym";
				ENABLE_NS_ASSERTIONS = NO;
				ENABLE_STRICT_OBJC_MSGSEND = YES;
				GCC_C_LANGUAGE_STANDARD = gnu11;
				GCC_NO_COMMON_BLOCKS = YES;
				GCC_WARN_64_TO_32_BIT_CONVERSION = YES;
				GCC_WARN_ABOUT_RETURN_TYPE = YES_ERROR;
				GCC_WARN_UNDECLARED_SELECTOR = YES;
				GCC_WARN_UNINITIALIZED_AUTOS = YES_AGGRESSIVE;
				GCC_WARN_UNUSED_FUNCTION = YES;
				GCC_WARN_UNUSED_VARIABLE = YES;
				MACOSX_DEPLOYMENT_TARGET = 13.0;
				MTL_ENABLE_DEBUG_INFO = NO;
				MTL_FAST_MATH = YES;
				PRODUCT_NAME = "$(TARGET_NAME)";
				SDKROOT = macosx;
				SWIFT_COMPILATION_MODE = wholemodule;
				SWIFT_OPTIMIZATION_LEVEL = "-O";
				SWIFT_VERSION = 5.0;
			};
			name = Release;
		};
		834AAC49C2F6CF0E7D1658C5 /* Debug */ = {
			isa = XCBuildConfiguration;
			buildSettings = {
				ASSETCATALOG_COMPILER_APPICON_NAME = AppIcon;
				CODE_SIGN_STYLE = Automatic;
				COMBINE_HIDPI_IMAGES = YES;
				INFOPLIST_FILE = Supporting/Info.plist;
				LD_RUNPATH_SEARCH_PATHS = (
					"$(inherited)",
					"@executable_path/../Frameworks",
				);
				PRODUCT_BUNDLE_IDENTIFIER = com.example.AtollRPCSampleApp;
				SDKROOT = macosx;
			};
			name = Debug;
		};
		D77FCDC4CABF996BF3CA9126 /* Debug */ = {
			isa = XCBuildConfiguration;
			buildSettings = {
				ALWAYS_SEARCH_USER_PATHS = NO;
				CLANG_ANALYZER_NONNULL = YES;
				CLANG_ANALYZER_NUMBER_OBJECT_CONVERSION = YES_AGGRESSIVE;
				CLANG_CXX_LANGUAGE_STANDARD = "gnu++14";
				CLANG_CXX_LIBRARY = "libc++";
				CLANG_ENABLE_MODULES = YES;
				CLANG_ENABLE_OBJC_ARC = YES;
				CLANG_ENABLE_OBJC_WEAK = YES;
				CLANG_WARN_BLOCK_CAPTURE_AUTORELEASING = YES;
				CLANG_WARN_BOOL_CONVERSION = YES;
				CLANG_WARN_COMMA = YES;
				CLANG_WARN_CONSTANT_CONVERSION = YES;
				CLANG_WARN_DEPRECATED_OBJC_IMPLEMENTATIONS = YES;
				CLANG_WARN_DIRECT_OBJC_ISA_USAGE = YES_ERROR;
				CLANG_WARN_DOCUMENTATION_COMMENTS = YES;
				CLANG_WARN_EMPTY_BODY = YES;
				CLANG_WARN_ENUM_CONVERSION = YES;
				CLANG_WARN_INFINITE_RECURSION = YES;
				CLANG_WARN_INT_CONVERSION = YES;
				CLANG_WARN_NON_LITERAL_NULL_CONVERSION = YES;
				CLANG_WARN_OBJC_IMPLICIT_RETAIN_SELF = YES;
				CLANG_WARN_OBJC_LITERAL_CONVERSION = YES;
				CLANG_WARN_OBJC_ROOT_CLASS = YES_ERROR;
				CLANG_WARN_QUOTED_INCLUDE_IN_FRAMEWORK_HEADER = YES;
				CLANG_WARN_RANGE_LOOP_ANALYSIS = YES;
				CLANG_WARN_STRICT_PROTOTYPES = YES;
				CLANG_WARN_SUSPICIOUS_MOVE = YES;
				CLANG_WARN_UNGUARDED_AVAILABILITY = YES_AGGRESSIVE;
				CLANG_WARN_UNREACHABLE_CODE = YES;
				CLANG_WARN__DUPLICATE_METHOD_MATCH = YES;
				COPY_PHASE_STRIP = NO;
				DEBUG_INFORMATION_FORMAT = dwarf;
				ENABLE_STRICT_OBJC_MSGSEND = YES;
				ENABLE_TESTABILITY = YES;
				GCC_C_LANGUAGE_STANDARD = gnu11;
				GCC_DYNAMIC_NO_PIC = NO;
				GCC_NO_COMMON_BLOCKS = YES;
				GCC_OPTIMIZATION_LEVEL = 0;
				GCC_PREPROCESSOR_DEFINITIONS = (
					"$(inherited)",
					"DEBUG=1",
				);
				GCC_WARN_64_TO_32_BIT_CONVERSION = YES;
				GCC_WARN_ABOUT_RETURN_TYPE = YES_ERROR;
				GCC_WARN_UNDECLARED_SELECTOR = YES;
				GCC_WARN_UNINITIALIZED_AUTOS = YES_AGGRESSIVE;
				GCC_WARN_UNUSED_FUNCTION = YES;
				GCC_WARN_UNUSED_VARIABLE = YES;
				MACOSX_DEPLOYMENT_TARGET = 13.0;
				MTL_ENABLE_DEBUG_INFO = INCLUDE_SOURCE;
				MTL_FAST_MATH = YES;
				ONLY_ACTIVE_ARCH = YES;
				PRODUCT_NAME = "$(TARGET_NAME)";
				SDKROOT = macosx;
				SWIFT_ACTIVE_COMPILATION_CONDITIONS = DEBUG;
				SWIFT_OPTIMIZATION_LEVEL = "-Onone";
				SWIFT_VERSION = 5.0;
			};
			name = Debug;
		};
/* End XCBuildConfiguration section */

/* Begin XCConfigurationList section */
		1EEE0B6AFA6526C9F200C316 /* Build configuration list for PBXProject "AtollRPCSampleApp" */ = {
			isa = XCConfigurationList;
			buildConfigurations = (
				D77FCDC4CABF996BF3CA9126 /* Debug */,
				451096E8C182E0C32CBBFD0C /* Release */,
			);
			defaultConfigurationIsVisible = 0;
			defaultConfigurationName = Debug;
		};
		4C5AB12A920B9D8A7A944186 /* Build configuration list for PBXNativeTarget "AtollRPCSampleApp" */ = {
			isa = XCConfigurationList;
			buildConfigurations = (
				834AAC49C2F6CF0E7D1658C5 /* Debug */,
				267C2FABA8F41A9ECEC3ED88 /* Release */,
			);
			defaultConfigurationIsVisible = 0;
			defaultConfigurationName = Debug;
		};
/* End XCConfigurationList section */

/* Begin XCLocalSwiftPackageReference section */
		7E1830B19FF00BC16D3EE26F /* XCLocalSwiftPackageReference "../.." */ = {
			isa = XCLocalSwiftPackageReference;
			relativePath = ../..;
		};
/* End XCLocalSwiftPackageReference section */

/* Begin XCSwiftPackageProductDependency section */
		C68078DD1273DE2C6345F05C /* AtollRPC */ = {
			isa = XCSwiftPackageProductDependency;
			productName = AtollRPC;
		};
/* End XCSwiftPackageProductDependency section */
	};
	rootObject = 193B5D1B432C459E5B7E4E39 /* Project object */;
}
